
Microsoft Visual Studio Solution File, Format Version 12.00
# Visual Studio Version 16
VisualStudioVersion = 16.0.29709.97
MinimumVisualStudioVersion = 10.0.40219.1
Project("{2150E333-8FDC-42A3-9474-1A3956D46DE8}") = "Lesson_2", "Lesson_2", "{78C7AC22-5DDB-44F9-B4DB-B6FECC2D020D}"
EndProject
Project("{FAE04EC0-301F-11D3-BF4B-00C04F79EFBC}") = "task_1", "task_1\task_1.csproj", "{1E169EF2-207B-48EB-A0DB-D8B25F7993A7}"
EndProject
Project("{FAE04EC0-301F-11D3-BF4B-00C04F79EFBC}") = "task_2", "task_2\task_2.csproj", "{1D7BA079-3F79-4135-A854-4E72C6421AA3}"
EndProject
Project("{FAE04EC0-301F-11D3-BF4B-00C04F79EFBC}") = "task_3", "task_3\task_3.csproj", "{5A5ED27D-9C91-4A9D-8F0B-953840AA4E16}"
EndProject
Project("{FAE04EC0-301F-11D3-BF4B-00C04F79EFBC}") = "task_4", "task_4\task_4.csproj", "{62247C2A-E3BB-4E4F-8F90-88AC29B826D3}"
EndProject
Project("{FAE04EC0-301F-11D3-BF4B-00C04F79EFBC}") = "task_6", "task_6\task_6.csproj", "{3948FDA8-723C-4B28-B783-8E20C3AE7064}"
EndProject
Project("{FAE04EC0-301F-11D3-BF4B-00C04F79EFBC}") = "task_7", "task_7\task_7.csproj", "{62C8A96B-9BF5-4F2B-BA05-02D3EA15353E}"
EndProject
Project("{FAE04EC0-301F-11D3-BF4B-00C04F79EFBC}") = "task_5", "task_5\task_5.csproj", "{D914AC50-C5FD-4517-8FFE-433BADD432A1}"
EndProject
Global
	GlobalSection(SolutionConfigurationPlatforms) = preSolution
		Debug|Any CPU = Debug|Any CPU
		Release|Any CPU = Release|Any CPU
	EndGlobalSection
	GlobalSection(ProjectConfigurationPlatforms) = postSolution
		{1E169EF2-207B-48EB-A0DB-D8B25F7993A7}.Debug|Any CPU.ActiveCfg = Debug|Any CPU
		{1E169EF2-207B-48EB-A0DB-D8B25F7993A7}.Debug|Any CPU.Build.0 = Debug|Any CPU
		{1E169EF2-207B-48EB-A0DB-D8B25F7993A7}.Release|Any CPU.ActiveCfg = Release|Any CPU
		{1E169EF2-207B-48EB-A0DB-D8B25F7993A7}.Release|Any CPU.Build.0 = Release|Any CPU
		{1D7BA079-3F79-4135-A854-4E72C6421AA3}.Debug|Any CPU.ActiveCfg = Debug|Any CPU
		{1D7BA079-3F79-4135-A854-4E72C6421AA3}.Debug|Any CPU.Build.0 = Debug|Any CPU
		{1D7BA079-3F79-4135-A854-4E72C6421AA3}.Release|Any CPU.ActiveCfg = Release|Any CPU
		{1D7BA079-3F79-4135-A854-4E72C6421AA3}.Release|Any CPU.Build.0 = Release|Any CPU
		{5A5ED27D-9C91-4A9D-8F0B-953840AA4E16}.Debug|Any CPU.ActiveCfg = Debug|Any CPU
		{5A5ED27D-9C91-4A9D-8F0B-953840AA4E16}.Debug|Any CPU.Build.0 = Debug|Any CPU
		{5A5ED27D-9C91-4A9D-8F0B-953840AA4E16}.Release|Any CPU.ActiveCfg = Release|Any CPU
		{5A5ED27D-9C91-4A9D-8F0B-953840AA4E16}.Release|Any CPU.Build.0 = Release|Any CPU
		{62247C2A-E3BB-4E4F-8F90-88AC29B826D3}.Debug|Any CPU.ActiveCfg = Debug|Any CPU
		{62247C2A-E3BB-4E4F-8F90-88AC29B826D3}.Debug|Any CPU.Build.0 = Debug|Any CPU
		{62247C2A-E3BB-4E4F-8F90-88AC29B826D3}.Release|Any CPU.ActiveCfg = Release|Any CPU
		{62247C2A-E3BB-4E4F-8F90-88AC29B826D3}.Release|Any CPU.Build.0 = Release|Any CPU
		{3948FDA8-723C-4B28-B783-8E20C3AE7064}.Debug|Any CPU.ActiveCfg = Debug|Any CPU
		{3948FDA8-723C-4B28-B783-8E20C3AE7064}.Debug|Any CPU.Build.0 = Debug|Any CPU
		{3948FDA8-723C-4B28-B783-8E20C3AE7064}.Release|Any CPU.ActiveCfg = Release|Any CPU
		{3948FDA8-723C-4B28-B783-8E20C3AE7064}.Release|Any CPU.Build.0 = Release|Any CPU
		{62C8A96B-9BF5-4F2B-BA05-02D3EA15353E}.Debug|Any CPU.ActiveCfg = Debug|Any CPU
		{62C8A96B-9BF5-4F2B-BA05-02D3EA15353E}.Debug|Any CPU.Build.0 = Debug|Any CPU
		{62C8A96B-9BF5-4F2B-BA05-02D3EA15353E}.Release|Any CPU.ActiveCfg = Release|Any CPU
		{62C8A96B-9BF5-4F2B-BA05-02D3EA15353E}.Release|Any CPU.Build.0 = Release|Any CPU
		{D914AC50-C5FD-4517-8FFE-433BADD432A1}.Debug|Any CPU.ActiveCfg = Debug|Any CPU
		{D914AC50-C5FD-4517-8FFE-433BADD432A1}.Debug|Any CPU.Build.0 = Debug|Any CPU
		{D914AC50-C5FD-4517-8FFE-433BADD432A1}.Release|Any CPU.ActiveCfg = Release|Any CPU
		{D914AC50-C5FD-4517-8FFE-433BADD432A1}.Release|Any CPU.Build.0 = Release|Any CPU
	EndGlobalSection
	GlobalSection(SolutionProperties) = preSolution
		HideSolutionNode = FALSE
	EndGlobalSection
	GlobalSection(NestedProjects) = preSolution
		{1E169EF2-207B-48EB-A0DB-D8B25F7993A7} = {78C7AC22-5DDB-44F9-B4DB-B6FECC2D020D}
		{1D7BA079-3F79-4135-A854-4E72C6421AA3} = {78C7AC22-5DDB-44F9-B4DB-B6FECC2D020D}
		{5A5ED27D-9C91-4A9D-8F0B-953840AA4E16} = {78C7AC22-5DDB-44F9-B4DB-B6FECC2D020D}
		{62247C2A-E3BB-4E4F-8F90-88AC29B826D3} = {78C7AC22-5DDB-44F9-B4DB-B6FECC2D020D}
		{3948FDA8-723C-4B28-B783-8E20C3AE7064} = {78C7AC22-5DDB-44F9-B4DB-B6FECC2D020D}
		{62C8A96B-9BF5-4F2B-BA05-02D3EA15353E} = {78C7AC22-5DDB-44F9-B4DB-B6FECC2D020D}
		{D914AC50-C5FD-4517-8FFE-433BADD432A1} = {78C7AC22-5DDB-44F9-B4DB-B6FECC2D020D}
	EndGlobalSection
	GlobalSection(ExtensibilityGlobals) = postSolution
		SolutionGuid = {E3139F2A-44DA-461B-B49B-AD4FFAF1B231}
	EndGlobalSection
EndGlobal
